
Microsoft Visual Studio Solution File, Format Version 12.00
# Visual Studio 15
VisualStudioVersion = 15.0.28010.2016
MinimumVisualStudioVersion = 10.0.40219.1
Project("{FAE04EC0-301F-11D3-BF4B-00C04F79EFBC}") = "Laba2 Csharp", "Laba2 Csharp\Laba2 Csharp.csproj", "{C045AA6F-5B8B-4B1B-98F5-81DCBAD90D1B}"
EndProject
Global
	GlobalSection(SolutionConfigurationPlatforms) = preSolution
		Debug|Any CPU = Debug|Any CPU
		Release|Any CPU = Release|Any CPU
	EndGlobalSection
	GlobalSection(ProjectConfigurationPlatforms) = postSolution
		{C045AA6F-5B8B-4B1B-98F5-81DCBAD90D1B}.Debug|Any CPU.ActiveCfg = Debug|Any CPU
		{C045AA6F-5B8B-4B1B-98F5-81DCBAD90D1B}.Debug|Any CPU.Build.0 = Debug|Any CPU
		{C045AA6F-5B8B-4B1B-98F5-81DCBAD90D1B}.Release|Any CPU.ActiveCfg = Release|Any CPU
		{C045AA6F-5B8B-4B1B-98F5-81DCBAD90D1B}.Release|Any CPU.Build.0 = Release|Any CPU
	EndGlobalSection
	GlobalSection(SolutionProperties) = preSolution
		HideSolutionNode = FALSE
	EndGlobalSection
	GlobalSection(ExtensibilityGlobals) = postSolution
		SolutionGuid = {EA416674-5058-4522-AD61-CE44FB587F56}
	EndGlobalSection
EndGlobal
